
Microsoft Visual Studio Solution File, Format Version 12.00
# Visual Studio Version 16
VisualStudioVersion = 16.0.29920.165
MinimumVisualStudioVersion = 10.0.40219.1
Project("{FAE04EC0-301F-11D3-BF4B-00C04F79EFBC}") = "BlazorUpgradeHelper.Server", "BlazorUpgradeHelper\Server\BlazorUpgradeHelper.Server.csproj", "{849BCFC0-EA4C-49F4-B39A-B971FAAE3080}"
EndProject
Project("{FAE04EC0-301F-11D3-BF4B-00C04F79EFBC}") = "BlazorUpgradeHelper.Client", "BlazorUpgradeHelper\Client\BlazorUpgradeHelper.Client.csproj", "{3A2CD57B-E746-40BD-A6D5-0C224D1A4227}"
EndProject
Project("{FAE04EC0-301F-11D3-BF4B-00C04F79EFBC}") = "BlazorUpgradeHelper.Shared", "BlazorUpgradeHelper\Shared\BlazorUpgradeHelper.Shared.csproj", "{3136E299-6DE6-4685-8214-944BC81BA9AD}"
EndProject
Global
	GlobalSection(SolutionConfigurationPlatforms) = preSolution
		Debug|Any CPU = Debug|Any CPU
		Release|Any CPU = Release|Any CPU
	EndGlobalSection
	GlobalSection(ProjectConfigurationPlatforms) = postSolution
		{849BCFC0-EA4C-49F4-B39A-B971FAAE3080}.Debug|Any CPU.ActiveCfg = Debug|Any CPU
		{849BCFC0-EA4C-49F4-B39A-B971FAAE3080}.Debug|Any CPU.Build.0 = Debug|Any CPU
		{849BCFC0-EA4C-49F4-B39A-B971FAAE3080}.Release|Any CPU.ActiveCfg = Release|Any CPU
		{849BCFC0-EA4C-49F4-B39A-B971FAAE3080}.Release|Any CPU.Build.0 = Release|Any CPU
		{3A2CD57B-E746-40BD-A6D5-0C224D1A4227}.Debug|Any CPU.ActiveCfg = Debug|Any CPU
		{3A2CD57B-E746-40BD-A6D5-0C224D1A4227}.Debug|Any CPU.Build.0 = Debug|Any CPU
		{3A2CD57B-E746-40BD-A6D5-0C224D1A4227}.Release|Any CPU.ActiveCfg = Release|Any CPU
		{3A2CD57B-E746-40BD-A6D5-0C224D1A4227}.Release|Any CPU.Build.0 = Release|Any CPU
		{3136E299-6DE6-4685-8214-944BC81BA9AD}.Debug|Any CPU.ActiveCfg = Debug|Any CPU
		{3136E299-6DE6-4685-8214-944BC81BA9AD}.Debug|Any CPU.Build.0 = Debug|Any CPU
		{3136E299-6DE6-4685-8214-944BC81BA9AD}.Release|Any CPU.ActiveCfg = Release|Any CPU
		{3136E299-6DE6-4685-8214-944BC81BA9AD}.Release|Any CPU.Build.0 = Release|Any CPU
	EndGlobalSection
	GlobalSection(SolutionProperties) = preSolution
		HideSolutionNode = FALSE
	EndGlobalSection
	GlobalSection(ExtensibilityGlobals) = postSolution
		SolutionGuid = {193EC290-E53E-4E2F-8F56-125C181F53C9}
	EndGlobalSection
EndGlobal
